// !$*UTF8*$!
{
	archiveVersion = 1;
	classes = {
	};
	objectVersion = 48;
	objects = {

/* Begin PBXBuildFile section */
		1657D7BB20A15A5200E1D616 /* AppDelegate.swift in Sources */ = {isa = PBXBuildFile; fileRef = 1657D7BA20A15A5200E1D616 /* AppDelegate.swift */; };
		1657D7BD20A15A5200E1D616 /* ViewController.swift in Sources */ = {isa = PBXBuildFile; fileRef = 1657D7BC20A15A5200E1D616 /* ViewController.swift */; };
		1657D7C020A15A5200E1D616 /* Main.storyboard in Resources */ = {isa = PBXBuildFile; fileRef = 1657D7BE20A15A5200E1D616 /* Main.storyboard */; };
		1657D7C220A15A5200E1D616 /* Assets.xcassets in Resources */ = {isa = PBXBuildFile; fileRef = 1657D7C120A15A5200E1D616 /* Assets.xcassets */; };
		1657D7C520A15A5200E1D616 /* LaunchScreen.storyboard in Resources */ = {isa = PBXBuildFile; fileRef = 1657D7C320A15A5200E1D616 /* LaunchScreen.storyboard */; };
		1657D7D020A15A5200E1D616 /* PitchPerfectTests.swift in Sources */ = {isa = PBXBuildFile; fileRef = 1657D7CF20A15A5200E1D616 /* PitchPerfectTests.swift */; };
		1657D7DB20A15A5200E1D616 /* PitchPerfectUITests.swift in Sources */ = {isa = PBXBuildFile; fileRef = 1657D7DA20A15A5200E1D616 /* PitchPerfectUITests.swift */; };
/* End PBXBuildFile section */

/* Begin PBXContainerItemProxy section */
		1657D7CC20A15A5200E1D616 /* PBXContainerItemProxy */ = {
			isa = PBXContainerItemProxy;
			containerPortal = 1657D7AF20A15A5200E1D616 /* Project object */;
			proxyType = 1;
			remoteGlobalIDString = 1657D7B620A15A5200E1D616;
			remoteInfo = PitchPerfect;
		};
		1657D7D720A15A5200E1D616 /* PBXContainerItemProxy */ = {
			isa = PBXContainerItemProxy;
			containerPortal = 1657D7AF20A15A5200E1D616 /* Project object */;
			proxyType = 1;
			remoteGlobalIDString = 1657D7B620A15A5200E1D616;
			remoteInfo = PitchPerfect;
		};
/* End PBXContainerItemProxy section */

/* Begin PBXFileReference section */
		1657D7B720A15A5200E1D616 /* PitchPerfect.app */ = {isa = PBXFileReference; explicitFileType = wrapper.application; includeInIndex = 0; path = PitchPerfect.app; sourceTree = BUILT_PRODUCTS_DIR; };
		1657D7BA20A15A5200E1D616 /* AppDelegate.swift */ = {isa = PBXFileReference; lastKnownFileType = sourcecode.swift; path = AppDelegate.swift; sourceTree = "<group>"; };
		1657D7BC20A15A5200E1D616 /* ViewController.swift */ = {isa = PBXFileReference; lastKnownFileType = sourcecode.swift; path = ViewController.swift; sourceTree = "<group>"; };
		1657D7BF20A15A5200E1D616 /* Base */ = {isa = PBXFileReference; lastKnownFileType = file.storyboard; name = Base; path = Base.lproj/Main.storyboard; sourceTree = "<group>"; };
		1657D7C120A15A5200E1D616 /* Assets.xcassets */ = {isa = PBXFileReference; lastKnownFileType = folder.assetcatalog; path = Assets.xcassets; sourceTree = "<group>"; };
		1657D7C420A15A5200E1D616 /* Base */ = {isa = PBXFileReference; lastKnownFileType = file.storyboard; name = Base; path = Base.lproj/LaunchScreen.storyboard; sourceTree = "<group>"; };
		1657D7C620A15A5200E1D616 /* Info.plist */ = {isa = PBXFileReference; lastKnownFileType = text.plist.xml; path = Info.plist; sourceTree = "<group>"; };
		1657D7CB20A15A5200E1D616 /* PitchPerfectTests.xctest */ = {isa = PBXFileReference; explicitFileType = wrapper.cfbundle; includeInIndex = 0; path = PitchPerfectTests.xctest; sourceTree = BUILT_PRODUCTS_DIR; };
		1657D7CF20A15A5200E1D616 /* PitchPerfectTests.swift */ = {isa = PBXFileReference; lastKnownFileType = sourcecode.swift; path = PitchPerfectTests.swift; sourceTree = "<group>"; };
		1657D7D120A15A5200E1D616 /* Info.plist */ = {isa = PBXFileReference; lastKnownFileType = text.plist.xml; path = Info.plist; sourceTree = "<group>"; };
		1657D7D620A15A5200E1D616 /* PitchPerfectUITests.xctest */ = {isa = PBXFileReference; explicitFileType = wrapper.cfbundle; includeInIndex = 0; path = PitchPerfectUITests.xctest; sourceTree = BUILT_PRODUCTS_DIR; };
		1657D7DA20A15A5200E1D616 /* PitchPerfectUITests.swift */ = {isa = PBXFileReference; lastKnownFileType = sourcecode.swift; path = PitchPerfectUITests.swift; sourceTree = "<group>"; };
		1657D7DC20A15A5200E1D616 /* Info.plist */ = {isa = PBXFileReference; lastKnownFileType = text.plist.xml; path = Info.plist; sourceTree = "<group>"; };
/* End PBXFileReference section */

/* Begin PBXFrameworksBuildPhase section */
		1657D7B420A15A5200E1D616 /* Frameworks */ = {
			isa = PBXFrameworksBuildPhase;
			buildActionMask = 2147483647;
			files = (
			);
			runOnlyForDeploymentPostprocessing = 0;
		};
		1657D7C820A15A5200E1D616 /* Frameworks */ = {
			isa = PBXFrameworksBuildPhase;
			buildActionMask = 2147483647;
			files = (
			);
			runOnlyForDeploymentPostprocessing = 0;
		};
		1657D7D320A15A5200E1D616 /* Frameworks */ = {
			isa = PBXFrameworksBuildPhase;
			buildActionMask = 2147483647;
			files = (
			);
			runOnlyForDeploymentPostprocessing = 0;
		};
/* End PBXFrameworksBuildPhase section */

/* Begin PBXGroup section */
		1657D7AE20A15A5200E1D616 = {
			isa = PBXGroup;
			children = (
				1657D7B920A15A5200E1D616 /* PitchPerfect */,
				1657D7CE20A15A5200E1D616 /* PitchPerfectTests */,
				1657D7D920A15A5200E1D616 /* PitchPerfectUITests */,
				1657D7B820A15A5200E1D616 /* Products */,
			);
			sourceTree = "<group>";
		};
		1657D7B820A15A5200E1D616 /* Products */ = {
			isa = PBXGroup;
			children = (
				1657D7B720A15A5200E1D616 /* PitchPerfect.app */,
				1657D7CB20A15A5200E1D616 /* PitchPerfectTests.xctest */,
				1657D7D620A15A5200E1D616 /* PitchPerfectUITests.xctest */,
			);
			name = Products;
			sourceTree = "<group>";
		};
		1657D7B920A15A5200E1D616 /* PitchPerfect */ = {
			isa = PBXGroup;
			children = (
				1657D7BA20A15A5200E1D616 /* AppDelegate.swift */,
				1657D7BC20A15A5200E1D616 /* ViewController.swift */,
				1657D7BE20A15A5200E1D616 /* Main.storyboard */,
				1657D7C120A15A5200E1D616 /* Assets.xcassets */,
				1657D7C320A15A5200E1D616 /* LaunchScreen.storyboard */,
				1657D7C620A15A5200E1D616 /* Info.plist */,
			);
			path = PitchPerfect;
			sourceTree = "<group>";
		};
		1657D7CE20A15A5200E1D616 /* PitchPerfectTests */ = {
			isa = PBXGroup;
			children = (
				1657D7CF20A15A5200E1D616 /* PitchPerfectTests.swift */,
				1657D7D120A15A5200E1D616 /* Info.plist */,
			);
			path = PitchPerfectTests;
			sourceTree = "<group>";
		};
		1657D7D920A15A5200E1D616 /* PitchPerfectUITests */ = {
			isa = PBXGroup;
			children = (
				1657D7DA20A15A5200E1D616 /* PitchPerfectUITests.swift */,
				1657D7DC20A15A5200E1D616 /* Info.plist */,
			);
			path = PitchPerfectUITests;
			sourceTree = "<group>";
		};
/* End PBXGroup section */

/* Begin PBXNativeTarget section */
		1657D7B620A15A5200E1D616 /* PitchPerfect */ = {
			isa = PBXNativeTarget;
			buildConfigurationList = 1657D7DF20A15A5200E1D616 /* Build configuration list for PBXNativeTarget "PitchPerfect" */;
			buildPhases = (
				1657D7B320A15A5200E1D616 /* Sources */,
				1657D7B420A15A5200E1D616 /* Frameworks */,
				1657D7B520A15A5200E1D616 /* Resources */,
			);
			buildRules = (
			);
			dependencies = (
			);
			name = PitchPerfect;
			productName = PitchPerfect;
			productReference = 1657D7B720A15A5200E1D616 /* PitchPerfect.app */;
			productType = "com.apple.product-type.application";
		};
		1657D7CA20A15A5200E1D616 /* PitchPerfectTests */ = {
			isa = PBXNativeTarget;
			buildConfigurationList = 1657D7E220A15A5200E1D616 /* Build configuration list for PBXNativeTarget "PitchPerfectTests" */;
			buildPhases = (
				1657D7C720A15A5200E1D616 /* Sources */,
				1657D7C820A15A5200E1D616 /* Frameworks */,
				1657D7C920A15A5200E1D616 /* Resources */,
			);
			buildRules = (
			);
			dependencies = (
				1657D7CD20A15A5200E1D616 /* PBXTargetDependency */,
			);
			name = PitchPerfectTests;
			productName = PitchPerfectTests;
			productReference = 1657D7CB20A15A5200E1D616 /* PitchPerfectTests.xctest */;
			productType = "com.apple.product-type.bundle.unit-test";
		};
		1657D7D520A15A5200E1D616 /* PitchPerfectUITests */ = {
			isa = PBXNativeTarget;
			buildConfigurationList = 1657D7E520A15A5200E1D616 /* Build configuration list for PBXNativeTarget "PitchPerfectUITests" */;
			buildPhases = (
				1657D7D220A15A5200E1D616 /* Sources */,
				1657D7D320A15A5200E1D616 /* Frameworks */,
				1657D7D420A15A5200E1D616 /* Resources */,
			);
			buildRules = (
			);
			dependencies = (
				1657D7D820A15A5200E1D616 /* PBXTargetDependency */,
			);
			name = PitchPerfectUITests;
			productName = PitchPerfectUITests;
			productReference = 1657D7D620A15A5200E1D616 /* PitchPerfectUITests.xctest */;
			productType = "com.apple.product-type.bundle.ui-testing";
		};
/* End PBXNativeTarget section */

/* Begin PBXProject section */
		1657D7AF20A15A5200E1D616 /* Project object */ = {
			isa = PBXProject;
			attributes = {
				LastSwiftUpdateCheck = 0920;
				LastUpgradeCheck = 0920;
				ORGANIZATIONNAME = "Seth Paxton";
				TargetAttributes = {
					1657D7B620A15A5200E1D616 = {
						CreatedOnToolsVersion = 9.2;
						ProvisioningStyle = Automatic;
					};
					1657D7CA20A15A5200E1D616 = {
						CreatedOnToolsVersion = 9.2;
						ProvisioningStyle = Automatic;
						TestTargetID = 1657D7B620A15A5200E1D616;
					};
					1657D7D520A15A5200E1D616 = {
						CreatedOnToolsVersion = 9.2;
						ProvisioningStyle = Automatic;
						TestTargetID = 1657D7B620A15A5200E1D616;
					};
				};
			};
			buildConfigurationList = 1657D7B220A15A5200E1D616 /* Build configuration list for PBXProject "PitchPerfect" */;
			compatibilityVersion = "Xcode 8.0";
			developmentRegion = en;
			hasScannedForEncodings = 0;
			knownRegions = (
				en,
				Base,
			);
			mainGroup = 1657D7AE20A15A5200E1D616;
			productRefGroup = 1657D7B820A15A5200E1D616 /* Products */;
			projectDirPath = "";
			projectRoot = "";
			targets = (
				1657D7B620A15A5200E1D616 /* PitchPerfect */,
				1657D7CA20A15A5200E1D616 /* PitchPerfectTests */,
				1657D7D520A15A5200E1D616 /* PitchPerfectUITests */,
			);
		};
/* End PBXProject section */

/* Begin PBXResourcesBuildPhase section */
		1657D7B520A15A5200E1D616 /* Resources */ = {
			isa = PBXResourcesBuildPhase;
			buildActionMask = 2147483647;
			files = (
				1657D7C520A15A5200E1D616 /* LaunchScreen.storyboard in Resources */,
				1657D7C220A15A5200E1D616 /* Assets.xcassets in Resources */,
				1657D7C020A15A5200E1D616 /* Main.storyboard in Resources */,
			);
			runOnlyForDeploymentPostprocessing = 0;
		};
		1657D7C920A15A5200E1D616 /* Resources */ = {
			isa = PBXResourcesBuildPhase;
			buildActionMask = 2147483647;
			files = (
			);
			runOnlyForDeploymentPostprocessing = 0;
		};
		1657D7D420A15A5200E1D616 /* Resources */ = {
			isa = PBXResourcesBuildPhase;
			buildActionMask = 2147483647;
			files = (
			);
			runOnlyForDeploymentPostprocessing = 0;
		};
/* End PBXResourcesBuildPhase section */

/* Begin PBXSourcesBuildPhase section */
		1657D7B320A15A5200E1D616 /* Sources */ = {
			isa = PBXSourcesBuildPhase;
			buildActionMask = 2147483647;
			files = (
				1657D7BD20A15A5200E1D616 /* ViewController.swift in Sources */,
				1657D7BB20A15A5200E1D616 /* AppDelegate.swift in Sources */,
			);
			runOnlyForDeploymentPostprocessing = 0;
		};
		1657D7C720A15A5200E1D616 /* Sources */ = {
			isa = PBXSourcesBuildPhase;
			buildActionMask = 2147483647;
			files = (
				1657D7D020A15A5200E1D616 /* PitchPerfectTests.swift in Sources */,
			);
			runOnlyForDeploymentPostprocessing = 0;
		};
		1657D7D220A15A5200E1D616 /* Sources */ = {
			isa = PBXSourcesBuildPhase;
			buildActionMask = 2147483647;
			files = (
				1657D7DB20A15A5200E1D616 /* PitchPerfectUITests.swift in Sources */,
			);
			runOnlyForDeploymentPostprocessing = 0;
		};
/* End PBXSourcesBuildPhase section */

/* Begin PBXTargetDependency section */
		1657D7CD20A15A5200E1D616 /* PBXTargetDependency */ = {
			isa = PBXTargetDependency;
			target = 1657D7B620A15A5200E1D616 /* PitchPerfect */;
			targetProxy = 1657D7CC20A15A5200E1D616 /* PBXContainerItemProxy */;
		};
		1657D7D820A15A5200E1D616 /* PBXTargetDependency */ = {
			isa = PBXTargetDependency;
			target = 1657D7B620A15A5200E1D616 /* PitchPerfect */;
			targetProxy = 1657D7D720A15A5200E1D616 /* PBXContainerItemProxy */;
		};
/* End PBXTargetDependency section */

/* Begin PBXVariantGroup section */
		1657D7BE20A15A5200E1D616 /* Main.storyboard */ = {
			isa = PBXVariantGroup;
			children = (
				1657D7BF20A15A5200E1D616 /* Base */,
			);
			name = Main.storyboard;
			sourceTree = "<group>";
		};
		1657D7C320A15A5200E1D616 /* LaunchScreen.storyboard */ = {
			isa = PBXVariantGroup;
			children = (
				1657D7C420A15A5200E1D616 /* Base */,
			);
			name = LaunchScreen.storyboard;
			sourceTree = "<group>";
		};
/* End PBXVariantGroup section */

/* Begin XCBuildConfiguration section */
		1657D7DD20A15A5200E1D616 /* Debug */ = {
			isa = XCBuildConfiguration;
			buildSettings = {
				ALWAYS_SEARCH_USER_PATHS = NO;
				CLANG_ANALYZER_NONNULL = YES;
				CLANG_ANALYZER_NUMBER_OBJECT_CONVERSION = YES_AGGRESSIVE;
				CLANG_CXX_LANGUAGE_STANDARD = "gnu++14";
				CLANG_CXX_LIBRARY = "libc++";
				CLANG_ENABLE_MODULES = YES;
				CLANG_ENABLE_OBJC_ARC = YES;
				CLANG_WARN_BLOCK_CAPTURE_AUTORELEASING = YES;
				CLANG_WARN_BOOL_CONVERSION = YES;
				CLANG_WARN_COMMA = YES;
				CLANG_WARN_CONSTANT_CONVERSION = YES;
				CLANG_WARN_DIRECT_OBJC_ISA_USAGE = YES_ERROR;
				CLANG_WARN_DOCUMENTATION_COMMENTS = YES;
				CLANG_WARN_EMPTY_BODY = YES;
				CLANG_WARN_ENUM_CONVERSION = YES;
				CLANG_WARN_INFINITE_RECURSION = YES;
				CLANG_WARN_INT_CONVERSION = YES;
				CLANG_WARN_NON_LITERAL_NULL_CONVERSION = YES;
				CLANG_WARN_OBJC_LITERAL_CONVERSION = YES;
				CLANG_WARN_OBJC_ROOT_CLASS = YES_ERROR;
				CLANG_WARN_RANGE_LOOP_ANALYSIS = YES;
				CLANG_WARN_STRICT_PROTOTYPES = YES;
				CLANG_WARN_SUSPICIOUS_MOVE = YES;
				CLANG_WARN_UNGUARDED_AVAILABILITY = YES_AGGRESSIVE;
				CLANG_WARN_UNREACHABLE_CODE = YES;
				CLANG_WARN__DUPLICATE_METHOD_MATCH = YES;
				CODE_SIGN_IDENTITY = "iPhone Developer";
				COPY_PHASE_STRIP = NO;
				DEBUG_INFORMATION_FORMAT = dwarf;
				ENABLE_STRICT_OBJC_MSGSEND = YES;
				ENABLE_TESTABILITY = YES;
				GCC_C_LANGUAGE_STANDARD = gnu11;
				GCC_DYNAMIC_NO_PIC = NO;
				GCC_NO_COMMON_BLOCKS = YES;
				GCC_OPTIMIZATION_LEVEL = 0;
				GCC_PREPROCESSOR_DEFINITIONS = (
					"DEBUG=1",
					"$(inherited)",
				);
				GCC_WARN_64_TO_32_BIT_CONVERSION = YES;
				GCC_WARN_ABOUT_RETURN_TYPE = YES_ERROR;
				GCC_WARN_UNDECLARED_SELECTOR = YES;
				GCC_WARN_UNINITIALIZED_AUTOS = YES_AGGRESSIVE;
				GCC_WARN_UNUSED_FUNCTION = YES;
				GCC_WARN_UNUSED_VARIABLE = YES;
				IPHONEOS_DEPLOYMENT_TARGET = 11.2;
				MTL_ENABLE_DEBUG_INFO = YES;
				ONLY_ACTIVE_ARCH = YES;
				SDKROOT = iphoneos;
				SWIFT_ACTIVE_COMPILATION_CONDITIONS = DEBUG;
				SWIFT_OPTIMIZATION_LEVEL = "-Onone";
			};
			name = Debug;
		};
		1657D7DE20A15A5200E1D616 /* Release */ = {
			isa = XCBuildConfiguration;
			buildSettings = {
				ALWAYS_SEARCH_USER_PATHS = NO;
				CLANG_ANALYZER_NONNULL = YES;
				CLANG_ANALYZER_NUMBER_OBJECT_CONVERSION = YES_AGGRESSIVE;
				CLANG_CXX_LANGUAGE_STANDARD = "gnu++14";
				CLANG_CXX_LIBRARY = "libc++";
				CLANG_ENABLE_MODULES = YES;
				CLANG_ENABLE_OBJC_ARC = YES;
				CLANG_WARN_BLOCK_CAPTURE_AUTORELEASING = YES;
				CLANG_WARN_BOOL_CONVERSION = YES;
				CLANG_WARN_COMMA = YES;
				CLANG_WARN_CONSTANT_CONVERSION = YES;
				CLANG_WARN_DIRECT_OBJC_ISA_USAGE = YES_ERROR;
				CLANG_WARN_DOCUMENTATION_COMMENTS = YES;
				CLANG_WARN_EMPTY_BODY = YES;
				CLANG_WARN_ENUM_CONVERSION = YES;
				CLANG_WARN_INFINITE_RECURSION = YES;
				CLANG_WARN_INT_CONVERSION = YES;
				CLANG_WARN_NON_LITERAL_NULL_CONVERSION = YES;
				CLANG_WARN_OBJC_LITERAL_CONVERSION = YES;
				CLANG_WARN_OBJC_ROOT_CLASS = YES_ERROR;
				CLANG_WARN_RANGE_LOOP_ANALYSIS = YES;
				CLANG_WARN_STRICT_PROTOTYPES = YES;
				CLANG_WARN_SUSPICIOUS_MOVE = YES;
				CLANG_WARN_UNGUARDED_AVAILABILITY = YES_AGGRESSIVE;
				CLANG_WARN_UNREACHABLE_CODE = YES;
				CLANG_WARN__DUPLICATE_METHOD_MATCH = YES;
				CODE_SIGN_IDENTITY = "iPhone Developer";
				COPY_PHASE_STRIP = NO;
				DEBUG_INFORMATION_FORMAT = "dwarf-with-dsym";
				ENABLE_NS_ASSERTIONS = NO;
				ENABLE_STRICT_OBJC_MSGSEND = YES;
				GCC_C_LANGUAGE_STANDARD = gnu11;
				GCC_NO_COMMON_BLOCKS = YES;
				GCC_WARN_64_TO_32_BIT_CONVERSION = YES;
				GCC_WARN_ABOUT_RETURN_TYPE = YES_ERROR;
				GCC_WARN_UNDECLARED_SELECTOR = YES;
				GCC_WARN_UNINITIALIZED_AUTOS = YES_AGGRESSIVE;
				GCC_WARN_UNUSED_FUNCTION = YES;
				GCC_WARN_UNUSED_VARIABLE = YES;
				IPHONEOS_DEPLOYMENT_TARGET = 11.2;
				MTL_ENABLE_DEBUG_INFO = NO;
				SDKROOT = iphoneos;
				SWIFT_OPTIMIZATION_LEVEL = "-Owholemodule";
				VALIDATE_PRODUCT = YES;
			};
			name = Release;
		};
		1657D7E020A15A5200E1D616 /* Debug */ = {
			isa = XCBuildConfiguration;
			buildSettings = {
				ASSETCATALOG_COMPILER_APPICON_NAME = AppIcon;
				CODE_SIGN_STYLE = Automatic;
				DEVELOPMENT_TEAM = 2J88639H9J;
				INFOPLIST_FILE = PitchPerfect/Info.plist;
				LD_RUNPATH_SEARCH_PATHS = "$(inherited) @executable_path/Frameworks";
				PRODUCT_BUNDLE_IDENTIFIER = spaxton.PitchPerfect;
				PRODUCT_NAME = "$(TARGET_NAME)";
				SWIFT_VERSION = 4.0;
				TARGETED_DEVICE_FAMILY = "1,2";
			};
			name = Debug;
		};
		1657D7E120A15A5200E1D616 /* Release */ = {
			isa = XCBuildConfiguration;
			buildSettings = {
				ASSETCATALOG_COMPILER_APPICON_NAME = AppIcon;
				CODE_SIGN_STYLE = Automatic;
				DEVELOPMENT_TEAM = 2J88639H9J;
				INFOPLIST_FILE = PitchPerfect/Info.plist;
				LD_RUNPATH_SEARCH_PATHS = "$(inherited) @executable_path/Frameworks";
				PRODUCT_BUNDLE_IDENTIFIER = spaxton.PitchPerfect;
				PRODUCT_NAME = "$(TARGET_NAME)";
				SWIFT_VERSION = 4.0;
				TARGETED_DEVICE_FAMILY = "1,2";
			};
			name = Release;
		};
		1657D7E320A15A5200E1D616 /* Debug */ = {
			isa = XCBuildConfiguration;
			buildSettings = {
				ALWAYS_EMBED_SWIFT_STANDARD_LIBRARIES = YES;
				BUNDLE_LOADER = "$(TEST_HOST)";
				CODE_SIGN_STYLE = Automatic;
				DEVELOPMENT_TEAM = 2J88639H9J;
				INFOPLIST_FILE = PitchPerfectTests/Info.plist;
				LD_RUNPATH_SEARCH_PATHS = "$(inherited) @executable_path/Frameworks @loader_path/Frameworks";
				PRODUCT_BUNDLE_IDENTIFIER = spaxton.PitchPerfectTests;
				PRODUCT_NAME = "$(TARGET_NAME)";
				SWIFT_VERSION = 4.0;
				TARGETED_DEVICE_FAMILY = "1,2";
				TEST_HOST = "$(BUILT_PRODUCTS_DIR)/PitchPerfect.app/PitchPerfect";
			};
			name = Debug;
		};
		1657D7E420A15A5200E1D616 /* Release */ = {
			isa = XCBuildConfiguration;
			buildSettings = {
				ALWAYS_EMBED_SWIFT_STANDARD_LIBRARIES = YES;
				BUNDLE_LOADER = "$(TEST_HOST)";
				CODE_SIGN_STYLE = Automatic;
				DEVELOPMENT_TEAM = 2J88639H9J;
				INFOPLIST_FILE = PitchPerfectTests/Info.plist;
				LD_RUNPATH_SEARCH_PATHS = "$(inherited) @executable_path/Frameworks @loader_path/Frameworks";
				PRODUCT_BUNDLE_IDENTIFIER = spaxton.PitchPerfectTests;
				PRODUCT_NAME = "$(TARGET_NAME)";
				SWIFT_VERSION = 4.0;
				TARGETED_DEVICE_FAMILY = "1,2";
				TEST_HOST = "$(BUILT_PRODUCTS_DIR)/PitchPerfect.app/PitchPerfect";
			};
			name = Release;
		};
		1657D7E620A15A5200E1D616 /* Debug */ = {
			isa = XCBuildConfiguration;
			buildSettings = {
				ALWAYS_EMBED_SWIFT_STANDARD_LIBRARIES = YES;
				CODE_SIGN_STYLE = Automatic;
				DEVELOPMENT_TEAM = 2J88639H9J;
				INFOPLIST_FILE = PitchPerfectUITests/Info.plist;
				LD_RUNPATH_SEARCH_PATHS = "$(inherited) @executable_path/Frameworks @loader_path/Frameworks";
				PRODUCT_BUNDLE_IDENTIFIER = spaxton.PitchPerfectUITests;
				PRODUCT_NAME = "$(TARGET_NAME)";
				SWIFT_VERSION = 4.0;
				TARGETED_DEVICE_FAMILY = "1,2";
				TEST_TARGET_NAME = PitchPerfect;
			};
			name = Debug;
		};
		1657D7E720A15A5200E1D616 /* Release */ = {
			isa = XCBuildConfiguration;
			buildSettings = {
				ALWAYS_EMBED_SWIFT_STANDARD_LIBRARIES = YES;
				CODE_SIGN_STYLE = Automatic;
				DEVELOPMENT_TEAM = 2J88639H9J;
				INFOPLIST_FILE = PitchPerfectUITests/Info.plist;
				LD_RUNPATH_SEARCH_PATHS = "$(inherited) @executable_path/Frameworks @loader_path/Frameworks";
				PRODUCT_BUNDLE_IDENTIFIER = spaxton.PitchPerfectUITests;
				PRODUCT_NAME = "$(TARGET_NAME)";
				SWIFT_VERSION = 4.0;
				TARGETED_DEVICE_FAMILY = "1,2";
				TEST_TARGET_NAME = PitchPerfect;
			};
			name = Release;
		};
/* End XCBuildConfiguration section */

/* Begin XCConfigurationList section */
		1657D7B220A15A5200E1D616 /* Build configuration list for PBXProject "PitchPerfect" */ = {
			isa = XCConfigurationList;
			buildConfigurations = (
				1657D7DD20A15A5200E1D616 /* Debug */,
				1657D7DE20A15A5200E1D616 /* Release */,
			);
			defaultConfigurationIsVisible = 0;
			defaultConfigurationName = Release;
		};
		1657D7DF20A15A5200E1D616 /* Build configuration list for PBXNativeTarget "PitchPerfect" */ = {
			isa = XCConfigurationList;
			buildConfigurations = (
				1657D7E020A15A5200E1D616 /* Debug */,
				1657D7E120A15A5200E1D616 /* Release */,
			);
			defaultConfigurationIsVisible = 0;
			defaultConfigurationName = Release;
		};
		1657D7E220A15A5200E1D616 /* Build configuration list for PBXNativeTarget "PitchPerfectTests" */ = {
			isa = XCConfigurationList;
			buildConfigurations = (
				1657D7E320A15A5200E1D616 /* Debug */,
				1657D7E420A15A5200E1D616 /* Release */,
			);
			defaultConfigurationIsVisible = 0;
			defaultConfigurationName = Release;
		};
		1657D7E520A15A5200E1D616 /* Build configuration list for PBXNativeTarget "PitchPerfectUITests" */ = {
			isa = XCConfigurationList;
			buildConfigurations = (
				1657D7E620A15A5200E1D616 /* Debug */,
				1657D7E720A15A5200E1D616 /* Release */,
			);
			defaultConfigurationIsVisible = 0;
			defaultConfigurationName = Release;
		};
/* End XCConfigurationList section */
	};
	rootObject = 1657D7AF20A15A5200E1D616 /* Project object */;
}
